
Microsoft Visual Studio Solution File, Format Version 12.00
# Visual Studio 15
VisualStudioVersion = 15.0.27004.2009
MinimumVisualStudioVersion = 10.0.40219.1
Project("{FAE04EC0-301F-11D3-BF4B-00C04F79EFBC}") = "CSSPWebToolsTaskRunner", "CSSPWebToolsTaskRunner\CSSPWebToolsTaskRunner.csproj", "{1BA06916-88A6-406F-8969-E69A0FC1B2E9}"
EndProject
Project("{FAE04EC0-301F-11D3-BF4B-00C04F79EFBC}") = "CSSPWebToolsTaskRunner.Test", "CSSPWebToolsTaskRunner.Test\CSSPWebToolsTaskRunner.Test.csproj", "{EE6930BF-44C9-46A5-8CD0-84FB6BBB3159}"
EndProject
Project("{FAE04EC0-301F-11D3-BF4B-00C04F79EFBC}") = "WQMS.RTNotifiers", "..\WQMSRTNotifiers\WQMS.RTNotifiers.csproj", "{16AAB87D-346F-4EEB-9A5B-1EE44BB56F2F}"
EndProject
Global
	GlobalSection(SolutionConfigurationPlatforms) = preSolution
		Debug|Any CPU = Debug|Any CPU
		Release|Any CPU = Release|Any CPU
	EndGlobalSection
	GlobalSection(ProjectConfigurationPlatforms) = postSolution
		{1BA06916-88A6-406F-8969-E69A0FC1B2E9}.Debug|Any CPU.ActiveCfg = Debug|Any CPU
		{1BA06916-88A6-406F-8969-E69A0FC1B2E9}.Debug|Any CPU.Build.0 = Debug|Any CPU
		{1BA06916-88A6-406F-8969-E69A0FC1B2E9}.Release|Any CPU.ActiveCfg = Release|Any CPU
		{1BA06916-88A6-406F-8969-E69A0FC1B2E9}.Release|Any CPU.Build.0 = Release|Any CPU
		{EE6930BF-44C9-46A5-8CD0-84FB6BBB3159}.Debug|Any CPU.ActiveCfg = Debug|Any CPU
		{EE6930BF-44C9-46A5-8CD0-84FB6BBB3159}.Debug|Any CPU.Build.0 = Debug|Any CPU
		{EE6930BF-44C9-46A5-8CD0-84FB6BBB3159}.Release|Any CPU.ActiveCfg = Release|Any CPU
		{EE6930BF-44C9-46A5-8CD0-84FB6BBB3159}.Release|Any CPU.Build.0 = Release|Any CPU
		{16AAB87D-346F-4EEB-9A5B-1EE44BB56F2F}.Debug|Any CPU.ActiveCfg = Debug|Any CPU
		{16AAB87D-346F-4EEB-9A5B-1EE44BB56F2F}.Debug|Any CPU.Build.0 = Debug|Any CPU
		{16AAB87D-346F-4EEB-9A5B-1EE44BB56F2F}.Release|Any CPU.ActiveCfg = Release|Any CPU
		{16AAB87D-346F-4EEB-9A5B-1EE44BB56F2F}.Release|Any CPU.Build.0 = Release|Any CPU
	EndGlobalSection
	GlobalSection(SolutionProperties) = preSolution
		HideSolutionNode = FALSE
	EndGlobalSection
	GlobalSection(ExtensibilityGlobals) = postSolution
		SolutionGuid = {DC150868-C81C-4F9D-873F-7BDF0902B59F}
	EndGlobalSection
EndGlobal
